// !$*UTF8*$!
{
	archiveVersion = 1;
	classes = {
	};
	objectVersion = 48;
	objects = {

/* Begin PBXBuildFile section */
		CA3D1063206F654F0057D9C4 /* AppDelegate.swift in Sources */ = {isa = PBXBuildFile; fileRef = CA3D1062206F654F0057D9C4 /* AppDelegate.swift */; };
		CA3D1065206F654F0057D9C4 /* ViewController.swift in Sources */ = {isa = PBXBuildFile; fileRef = CA3D1064206F654F0057D9C4 /* ViewController.swift */; };
		CA3D1068206F654F0057D9C4 /* Main.storyboard in Resources */ = {isa = PBXBuildFile; fileRef = CA3D1066206F654F0057D9C4 /* Main.storyboard */; };
		CA3D106A206F65500057D9C4 /* Assets.xcassets in Resources */ = {isa = PBXBuildFile; fileRef = CA3D1069206F65500057D9C4 /* Assets.xcassets */; };
		CA3D106D206F65500057D9C4 /* LaunchScreen.storyboard in Resources */ = {isa = PBXBuildFile; fileRef = CA3D106B206F65500057D9C4 /* LaunchScreen.storyboard */; };
		CA3D1078206F65500057D9C4 /* WordListTests.swift in Sources */ = {isa = PBXBuildFile; fileRef = CA3D1077206F65500057D9C4 /* WordListTests.swift */; };
		CA3D1083206F65500057D9C4 /* WordListUITests.swift in Sources */ = {isa = PBXBuildFile; fileRef = CA3D1082206F65500057D9C4 /* WordListUITests.swift */; };
		CA3D1094206F65EE0057D9C4 /* word_blank.png in Resources */ = {isa = PBXBuildFile; fileRef = CA3D1091206F65EE0057D9C4 /* word_blank.png */; };
		CA3D1095206F65EE0057D9C4 /* fin.png in Resources */ = {isa = PBXBuildFile; fileRef = CA3D1092206F65EE0057D9C4 /* fin.png */; };
		CA3D1096206F65EE0057D9C4 /* title_logo.png in Resources */ = {isa = PBXBuildFile; fileRef = CA3D1093206F65EE0057D9C4 /* title_logo.png */; };
		CA3D1099206F72030057D9C4 /* QuestionViewController.swift in Sources */ = {isa = PBXBuildFile; fileRef = CA3D1097206F72030057D9C4 /* QuestionViewController.swift */; };
		CA3D109C206F721B0057D9C4 /* FinishViewController.swift in Sources */ = {isa = PBXBuildFile; fileRef = CA3D109B206F721B0057D9C4 /* FinishViewController.swift */; };
		CA3D109E206F72600057D9C4 /* ListTableViewController.swift in Sources */ = {isa = PBXBuildFile; fileRef = CA3D109D206F72600057D9C4 /* ListTableViewController.swift */; };
		CA3D10A0206F72710057D9C4 /* AddViewController.swift in Sources */ = {isa = PBXBuildFile; fileRef = CA3D109F206F72710057D9C4 /* AddViewController.swift */; };
		CA3D10A5206F8FE60057D9C4 /* ListTableViewCell.swift in Sources */ = {isa = PBXBuildFile; fileRef = CA3D10A3206F8FE60057D9C4 /* ListTableViewCell.swift */; };
		CA3D10A6206F8FE60057D9C4 /* ListTableViewCell.xib in Resources */ = {isa = PBXBuildFile; fileRef = CA3D10A4206F8FE60057D9C4 /* ListTableViewCell.xib */; };
/* End PBXBuildFile section */

/* Begin PBXContainerItemProxy section */
		CA3D1074206F65500057D9C4 /* PBXContainerItemProxy */ = {
			isa = PBXContainerItemProxy;
			containerPortal = CA3D1057206F654F0057D9C4 /* Project object */;
			proxyType = 1;
			remoteGlobalIDString = CA3D105E206F654F0057D9C4;
			remoteInfo = WordList;
		};
		CA3D107F206F65500057D9C4 /* PBXContainerItemProxy */ = {
			isa = PBXContainerItemProxy;
			containerPortal = CA3D1057206F654F0057D9C4 /* Project object */;
			proxyType = 1;
			remoteGlobalIDString = CA3D105E206F654F0057D9C4;
			remoteInfo = WordList;
		};
/* End PBXContainerItemProxy section */

/* Begin PBXFileReference section */
		CA3D105F206F654F0057D9C4 /* WordList.app */ = {isa = PBXFileReference; explicitFileType = wrapper.application; includeInIndex = 0; path = WordList.app; sourceTree = BUILT_PRODUCTS_DIR; };
		CA3D1062206F654F0057D9C4 /* AppDelegate.swift */ = {isa = PBXFileReference; lastKnownFileType = sourcecode.swift; path = AppDelegate.swift; sourceTree = "<group>"; };
		CA3D1064206F654F0057D9C4 /* ViewController.swift */ = {isa = PBXFileReference; lastKnownFileType = sourcecode.swift; path = ViewController.swift; sourceTree = "<group>"; };
		CA3D1067206F654F0057D9C4 /* Base */ = {isa = PBXFileReference; lastKnownFileType = file.storyboard; name = Base; path = Base.lproj/Main.storyboard; sourceTree = "<group>"; };
		CA3D1069206F65500057D9C4 /* Assets.xcassets */ = {isa = PBXFileReference; lastKnownFileType = folder.assetcatalog; path = Assets.xcassets; sourceTree = "<group>"; };
		CA3D106C206F65500057D9C4 /* Base */ = {isa = PBXFileReference; lastKnownFileType = file.storyboard; name = Base; path = Base.lproj/LaunchScreen.storyboard; sourceTree = "<group>"; };
		CA3D106E206F65500057D9C4 /* Info.plist */ = {isa = PBXFileReference; lastKnownFileType = text.plist.xml; path = Info.plist; sourceTree = "<group>"; };
		CA3D1073206F65500057D9C4 /* WordListTests.xctest */ = {isa = PBXFileReference; explicitFileType = wrapper.cfbundle; includeInIndex = 0; path = WordListTests.xctest; sourceTree = BUILT_PRODUCTS_DIR; };
		CA3D1077206F65500057D9C4 /* WordListTests.swift */ = {isa = PBXFileReference; lastKnownFileType = sourcecode.swift; path = WordListTests.swift; sourceTree = "<group>"; };
		CA3D1079206F65500057D9C4 /* Info.plist */ = {isa = PBXFileReference; lastKnownFileType = text.plist.xml; path = Info.plist; sourceTree = "<group>"; };
		CA3D107E206F65500057D9C4 /* WordListUITests.xctest */ = {isa = PBXFileReference; explicitFileType = wrapper.cfbundle; includeInIndex = 0; path = WordListUITests.xctest; sourceTree = BUILT_PRODUCTS_DIR; };
		CA3D1082206F65500057D9C4 /* WordListUITests.swift */ = {isa = PBXFileReference; lastKnownFileType = sourcecode.swift; path = WordListUITests.swift; sourceTree = "<group>"; };
		CA3D1084206F65500057D9C4 /* Info.plist */ = {isa = PBXFileReference; lastKnownFileType = text.plist.xml; path = Info.plist; sourceTree = "<group>"; };
		CA3D1091206F65EE0057D9C4 /* word_blank.png */ = {isa = PBXFileReference; lastKnownFileType = image.png; path = word_blank.png; sourceTree = "<group>"; };
		CA3D1092206F65EE0057D9C4 /* fin.png */ = {isa = PBXFileReference; lastKnownFileType = image.png; path = fin.png; sourceTree = "<group>"; };
		CA3D1093206F65EE0057D9C4 /* title_logo.png */ = {isa = PBXFileReference; lastKnownFileType = image.png; path = title_logo.png; sourceTree = "<group>"; };
		CA3D1097206F72030057D9C4 /* QuestionViewController.swift */ = {isa = PBXFileReference; lastKnownFileType = sourcecode.swift; path = QuestionViewController.swift; sourceTree = "<group>"; };
		CA3D109B206F721B0057D9C4 /* FinishViewController.swift */ = {isa = PBXFileReference; lastKnownFileType = sourcecode.swift; path = FinishViewController.swift; sourceTree = "<group>"; };
		CA3D109D206F72600057D9C4 /* ListTableViewController.swift */ = {isa = PBXFileReference; lastKnownFileType = sourcecode.swift; path = ListTableViewController.swift; sourceTree = "<group>"; };
		CA3D109F206F72710057D9C4 /* AddViewController.swift */ = {isa = PBXFileReference; lastKnownFileType = sourcecode.swift; path = AddViewController.swift; sourceTree = "<group>"; };
		CA3D10A3206F8FE60057D9C4 /* ListTableViewCell.swift */ = {isa = PBXFileReference; lastKnownFileType = sourcecode.swift; path = ListTableViewCell.swift; sourceTree = "<group>"; };
		CA3D10A4206F8FE60057D9C4 /* ListTableViewCell.xib */ = {isa = PBXFileReference; lastKnownFileType = file.xib; path = ListTableViewCell.xib; sourceTree = "<group>"; };
/* End PBXFileReference section */

/* Begin PBXFrameworksBuildPhase section */
		CA3D105C206F654F0057D9C4 /* Frameworks */ = {
			isa = PBXFrameworksBuildPhase;
			buildActionMask = 2147483647;
			files = (
			);
			runOnlyForDeploymentPostprocessing = 0;
		};
		CA3D1070206F65500057D9C4 /* Frameworks */ = {
			isa = PBXFrameworksBuildPhase;
			buildActionMask = 2147483647;
			files = (
			);
			runOnlyForDeploymentPostprocessing = 0;
		};
		CA3D107B206F65500057D9C4 /* Frameworks */ = {
			isa = PBXFrameworksBuildPhase;
			buildActionMask = 2147483647;
			files = (
			);
			runOnlyForDeploymentPostprocessing = 0;
		};
/* End PBXFrameworksBuildPhase section */

/* Begin PBXGroup section */
		CA3D1056206F654F0057D9C4 = {
			isa = PBXGroup;
			children = (
				CA3D1061206F654F0057D9C4 /* WordList */,
				CA3D1076206F65500057D9C4 /* WordListTests */,
				CA3D1081206F65500057D9C4 /* WordListUITests */,
				CA3D1060206F654F0057D9C4 /* Products */,
			);
			sourceTree = "<group>";
		};
		CA3D1060206F654F0057D9C4 /* Products */ = {
			isa = PBXGroup;
			children = (
				CA3D105F206F654F0057D9C4 /* WordList.app */,
				CA3D1073206F65500057D9C4 /* WordListTests.xctest */,
				CA3D107E206F65500057D9C4 /* WordListUITests.xctest */,
			);
			name = Products;
			sourceTree = "<group>";
		};
		CA3D1061206F654F0057D9C4 /* WordList */ = {
			isa = PBXGroup;
			children = (
				CA3D1062206F654F0057D9C4 /* AppDelegate.swift */,
				CA3D1064206F654F0057D9C4 /* ViewController.swift */,
				CA3D1097206F72030057D9C4 /* QuestionViewController.swift */,
				CA3D109B206F721B0057D9C4 /* FinishViewController.swift */,
				CA3D109D206F72600057D9C4 /* ListTableViewController.swift */,
				CA3D10A3206F8FE60057D9C4 /* ListTableViewCell.swift */,
				CA3D10A4206F8FE60057D9C4 /* ListTableViewCell.xib */,
				CA3D109F206F72710057D9C4 /* AddViewController.swift */,
				CA3D1066206F654F0057D9C4 /* Main.storyboard */,
				CA3D1069206F65500057D9C4 /* Assets.xcassets */,
				CA3D106B206F65500057D9C4 /* LaunchScreen.storyboard */,
				CA3D106E206F65500057D9C4 /* Info.plist */,
				CA3D1090206F65EE0057D9C4 /* WordList素材 */,
			);
			path = WordList;
			sourceTree = "<group>";
		};
		CA3D1076206F65500057D9C4 /* WordListTests */ = {
			isa = PBXGroup;
			children = (
				CA3D1077206F65500057D9C4 /* WordListTests.swift */,
				CA3D1079206F65500057D9C4 /* Info.plist */,
			);
			path = WordListTests;
			sourceTree = "<group>";
		};
		CA3D1081206F65500057D9C4 /* WordListUITests */ = {
			isa = PBXGroup;
			children = (
				CA3D1082206F65500057D9C4 /* WordListUITests.swift */,
				CA3D1084206F65500057D9C4 /* Info.plist */,
			);
			path = WordListUITests;
			sourceTree = "<group>";
		};
		CA3D1090206F65EE0057D9C4 /* WordList素材 */ = {
			isa = PBXGroup;
			children = (
				CA3D1091206F65EE0057D9C4 /* word_blank.png */,
				CA3D1092206F65EE0057D9C4 /* fin.png */,
				CA3D1093206F65EE0057D9C4 /* title_logo.png */,
			);
			path = "WordList素材";
			sourceTree = "<group>";
		};
/* End PBXGroup section */

/* Begin PBXNativeTarget section */
		CA3D105E206F654F0057D9C4 /* WordList */ = {
			isa = PBXNativeTarget;
			buildConfigurationList = CA3D1087206F65500057D9C4 /* Build configuration list for PBXNativeTarget "WordList" */;
			buildPhases = (
				CA3D105B206F654F0057D9C4 /* Sources */,
				CA3D105C206F654F0057D9C4 /* Frameworks */,
				CA3D105D206F654F0057D9C4 /* Resources */,
			);
			buildRules = (
			);
			dependencies = (
			);
			name = WordList;
			productName = WordList;
			productReference = CA3D105F206F654F0057D9C4 /* WordList.app */;
			productType = "com.apple.product-type.application";
		};
		CA3D1072206F65500057D9C4 /* WordListTests */ = {
			isa = PBXNativeTarget;
			buildConfigurationList = CA3D108A206F65500057D9C4 /* Build configuration list for PBXNativeTarget "WordListTests" */;
			buildPhases = (
				CA3D106F206F65500057D9C4 /* Sources */,
				CA3D1070206F65500057D9C4 /* Frameworks */,
				CA3D1071206F65500057D9C4 /* Resources */,
			);
			buildRules = (
			);
			dependencies = (
				CA3D1075206F65500057D9C4 /* PBXTargetDependency */,
			);
			name = WordListTests;
			productName = WordListTests;
			productReference = CA3D1073206F65500057D9C4 /* WordListTests.xctest */;
			productType = "com.apple.product-type.bundle.unit-test";
		};
		CA3D107D206F65500057D9C4 /* WordListUITests */ = {
			isa = PBXNativeTarget;
			buildConfigurationList = CA3D108D206F65500057D9C4 /* Build configuration list for PBXNativeTarget "WordListUITests" */;
			buildPhases = (
				CA3D107A206F65500057D9C4 /* Sources */,
				CA3D107B206F65500057D9C4 /* Frameworks */,
				CA3D107C206F65500057D9C4 /* Resources */,
			);
			buildRules = (
			);
			dependencies = (
				CA3D1080206F65500057D9C4 /* PBXTargetDependency */,
			);
			name = WordListUITests;
			productName = WordListUITests;
			productReference = CA3D107E206F65500057D9C4 /* WordListUITests.xctest */;
			productType = "com.apple.product-type.bundle.ui-testing";
		};
/* End PBXNativeTarget section */

/* Begin PBXProject section */
		CA3D1057206F654F0057D9C4 /* Project object */ = {
			isa = PBXProject;
			attributes = {
				LastSwiftUpdateCheck = 0920;
				LastUpgradeCheck = 0920;
				ORGANIZATIONNAME = sho;
				TargetAttributes = {
					CA3D105E206F654F0057D9C4 = {
						CreatedOnToolsVersion = 9.2;
						ProvisioningStyle = Automatic;
					};
					CA3D1072206F65500057D9C4 = {
						CreatedOnToolsVersion = 9.2;
						ProvisioningStyle = Automatic;
						TestTargetID = CA3D105E206F654F0057D9C4;
					};
					CA3D107D206F65500057D9C4 = {
						CreatedOnToolsVersion = 9.2;
						ProvisioningStyle = Automatic;
						TestTargetID = CA3D105E206F654F0057D9C4;
					};
				};
			};
			buildConfigurationList = CA3D105A206F654F0057D9C4 /* Build configuration list for PBXProject "WordList" */;
			compatibilityVersion = "Xcode 8.0";
			developmentRegion = en;
			hasScannedForEncodings = 0;
			knownRegions = (
				en,
				Base,
			);
			mainGroup = CA3D1056206F654F0057D9C4;
			productRefGroup = CA3D1060206F654F0057D9C4 /* Products */;
			projectDirPath = "";
			projectRoot = "";
			targets = (
				CA3D105E206F654F0057D9C4 /* WordList */,
				CA3D1072206F65500057D9C4 /* WordListTests */,
				CA3D107D206F65500057D9C4 /* WordListUITests */,
			);
		};
/* End PBXProject section */

/* Begin PBXResourcesBuildPhase section */
		CA3D105D206F654F0057D9C4 /* Resources */ = {
			isa = PBXResourcesBuildPhase;
			buildActionMask = 2147483647;
			files = (
				CA3D1094206F65EE0057D9C4 /* word_blank.png in Resources */,
				CA3D1096206F65EE0057D9C4 /* title_logo.png in Resources */,
				CA3D106D206F65500057D9C4 /* LaunchScreen.storyboard in Resources */,
				CA3D106A206F65500057D9C4 /* Assets.xcassets in Resources */,
				CA3D1095206F65EE0057D9C4 /* fin.png in Resources */,
				CA3D1068206F654F0057D9C4 /* Main.storyboard in Resources */,
				CA3D10A6206F8FE60057D9C4 /* ListTableViewCell.xib in Resources */,
			);
			runOnlyForDeploymentPostprocessing = 0;
		};
		CA3D1071206F65500057D9C4 /* Resources */ = {
			isa = PBXResourcesBuildPhase;
			buildActionMask = 2147483647;
			files = (
			);
			runOnlyForDeploymentPostprocessing = 0;
		};
		CA3D107C206F65500057D9C4 /* Resources */ = {
			isa = PBXResourcesBuildPhase;
			buildActionMask = 2147483647;
			files = (
			);
			runOnlyForDeploymentPostprocessing = 0;
		};
/* End PBXResourcesBuildPhase section */

/* Begin PBXSourcesBuildPhase section */
		CA3D105B206F654F0057D9C4 /* Sources */ = {
			isa = PBXSourcesBuildPhase;
			buildActionMask = 2147483647;
			files = (
				CA3D10A5206F8FE60057D9C4 /* ListTableViewCell.swift in Sources */,
				CA3D1065206F654F0057D9C4 /* ViewController.swift in Sources */,
				CA3D109C206F721B0057D9C4 /* FinishViewController.swift in Sources */,
				CA3D10A0206F72710057D9C4 /* AddViewController.swift in Sources */,
				CA3D1063206F654F0057D9C4 /* AppDelegate.swift in Sources */,
				CA3D109E206F72600057D9C4 /* ListTableViewController.swift in Sources */,
				CA3D1099206F72030057D9C4 /* QuestionViewController.swift in Sources */,
			);
			runOnlyForDeploymentPostprocessing = 0;
		};
		CA3D106F206F65500057D9C4 /* Sources */ = {
			isa = PBXSourcesBuildPhase;
			buildActionMask = 2147483647;
			files = (
				CA3D1078206F65500057D9C4 /* WordListTests.swift in Sources */,
			);
			runOnlyForDeploymentPostprocessing = 0;
		};
		CA3D107A206F65500057D9C4 /* Sources */ = {
			isa = PBXSourcesBuildPhase;
			buildActionMask = 2147483647;
			files = (
				CA3D1083206F65500057D9C4 /* WordListUITests.swift in Sources */,
			);
			runOnlyForDeploymentPostprocessing = 0;
		};
/* End PBXSourcesBuildPhase section */

/* Begin PBXTargetDependency section */
		CA3D1075206F65500057D9C4 /* PBXTargetDependency */ = {
			isa = PBXTargetDependency;
			target = CA3D105E206F654F0057D9C4 /* WordList */;
			targetProxy = CA3D1074206F65500057D9C4 /* PBXContainerItemProxy */;
		};
		CA3D1080206F65500057D9C4 /* PBXTargetDependency */ = {
			isa = PBXTargetDependency;
			target = CA3D105E206F654F0057D9C4 /* WordList */;
			targetProxy = CA3D107F206F65500057D9C4 /* PBXContainerItemProxy */;
		};
/* End PBXTargetDependency section */

/* Begin PBXVariantGroup section */
		CA3D1066206F654F0057D9C4 /* Main.storyboard */ = {
			isa = PBXVariantGroup;
			children = (
				CA3D1067206F654F0057D9C4 /* Base */,
			);
			name = Main.storyboard;
			sourceTree = "<group>";
		};
		CA3D106B206F65500057D9C4 /* LaunchScreen.storyboard */ = {
			isa = PBXVariantGroup;
			children = (
				CA3D106C206F65500057D9C4 /* Base */,
			);
			name = LaunchScreen.storyboard;
			sourceTree = "<group>";
		};
/* End PBXVariantGroup section */

/* Begin XCBuildConfiguration section */
		CA3D1085206F65500057D9C4 /* Debug */ = {
			isa = XCBuildConfiguration;
			buildSettings = {
				ALWAYS_SEARCH_USER_PATHS = NO;
				CLANG_ANALYZER_NONNULL = YES;
				CLANG_ANALYZER_NUMBER_OBJECT_CONVERSION = YES_AGGRESSIVE;
				CLANG_CXX_LANGUAGE_STANDARD = "gnu++14";
				CLANG_CXX_LIBRARY = "libc++";
				CLANG_ENABLE_MODULES = YES;
				CLANG_ENABLE_OBJC_ARC = YES;
				CLANG_WARN_BLOCK_CAPTURE_AUTORELEASING = YES;
				CLANG_WARN_BOOL_CONVERSION = YES;
				CLANG_WARN_COMMA = YES;
				CLANG_WARN_CONSTANT_CONVERSION = YES;
				CLANG_WARN_DIRECT_OBJC_ISA_USAGE = YES_ERROR;
				CLANG_WARN_DOCUMENTATION_COMMENTS = YES;
				CLANG_WARN_EMPTY_BODY = YES;
				CLANG_WARN_ENUM_CONVERSION = YES;
				CLANG_WARN_INFINITE_RECURSION = YES;
				CLANG_WARN_INT_CONVERSION = YES;
				CLANG_WARN_NON_LITERAL_NULL_CONVERSION = YES;
				CLANG_WARN_OBJC_LITERAL_CONVERSION = YES;
				CLANG_WARN_OBJC_ROOT_CLASS = YES_ERROR;
				CLANG_WARN_RANGE_LOOP_ANALYSIS = YES;
				CLANG_WARN_STRICT_PROTOTYPES = YES;
				CLANG_WARN_SUSPICIOUS_MOVE = YES;
				CLANG_WARN_UNGUARDED_AVAILABILITY = YES_AGGRESSIVE;
				CLANG_WARN_UNREACHABLE_CODE = YES;
				CLANG_WARN__DUPLICATE_METHOD_MATCH = YES;
				CODE_SIGN_IDENTITY = "iPhone Developer";
				COPY_PHASE_STRIP = NO;
				DEBUG_INFORMATION_FORMAT = dwarf;
				ENABLE_STRICT_OBJC_MSGSEND = YES;
				ENABLE_TESTABILITY = YES;
				GCC_C_LANGUAGE_STANDARD = gnu11;
				GCC_DYNAMIC_NO_PIC = NO;
				GCC_NO_COMMON_BLOCKS = YES;
				GCC_OPTIMIZATION_LEVEL = 0;
				GCC_PREPROCESSOR_DEFINITIONS = (
					"DEBUG=1",
					"$(inherited)",
				);
				GCC_WARN_64_TO_32_BIT_CONVERSION = YES;
				GCC_WARN_ABOUT_RETURN_TYPE = YES_ERROR;
				GCC_WARN_UNDECLARED_SELECTOR = YES;
				GCC_WARN_UNINITIALIZED_AUTOS = YES_AGGRESSIVE;
				GCC_WARN_UNUSED_FUNCTION = YES;
				GCC_WARN_UNUSED_VARIABLE = YES;
				IPHONEOS_DEPLOYMENT_TARGET = 11.2;
				MTL_ENABLE_DEBUG_INFO = YES;
				ONLY_ACTIVE_ARCH = YES;
				SDKROOT = iphoneos;
				SWIFT_ACTIVE_COMPILATION_CONDITIONS = DEBUG;
				SWIFT_OPTIMIZATION_LEVEL = "-Onone";
			};
			name = Debug;
		};
		CA3D1086206F65500057D9C4 /* Release */ = {
			isa = XCBuildConfiguration;
			buildSettings = {
				ALWAYS_SEARCH_USER_PATHS = NO;
				CLANG_ANALYZER_NONNULL = YES;
				CLANG_ANALYZER_NUMBER_OBJECT_CONVERSION = YES_AGGRESSIVE;
				CLANG_CXX_LANGUAGE_STANDARD = "gnu++14";
				CLANG_CXX_LIBRARY = "libc++";
				CLANG_ENABLE_MODULES = YES;
				CLANG_ENABLE_OBJC_ARC = YES;
				CLANG_WARN_BLOCK_CAPTURE_AUTORELEASING = YES;
				CLANG_WARN_BOOL_CONVERSION = YES;
				CLANG_WARN_COMMA = YES;
				CLANG_WARN_CONSTANT_CONVERSION = YES;
				CLANG_WARN_DIRECT_OBJC_ISA_USAGE = YES_ERROR;
				CLANG_WARN_DOCUMENTATION_COMMENTS = YES;
				CLANG_WARN_EMPTY_BODY = YES;
				CLANG_WARN_ENUM_CONVERSION = YES;
				CLANG_WARN_INFINITE_RECURSION = YES;
				CLANG_WARN_INT_CONVERSION = YES;
				CLANG_WARN_NON_LITERAL_NULL_CONVERSION = YES;
				CLANG_WARN_OBJC_LITERAL_CONVERSION = YES;
				CLANG_WARN_OBJC_ROOT_CLASS = YES_ERROR;
				CLANG_WARN_RANGE_LOOP_ANALYSIS = YES;
				CLANG_WARN_STRICT_PROTOTYPES = YES;
				CLANG_WARN_SUSPICIOUS_MOVE = YES;
				CLANG_WARN_UNGUARDED_AVAILABILITY = YES_AGGRESSIVE;
				CLANG_WARN_UNREACHABLE_CODE = YES;
				CLANG_WARN__DUPLICATE_METHOD_MATCH = YES;
				CODE_SIGN_IDENTITY = "iPhone Developer";
				COPY_PHASE_STRIP = NO;
				DEBUG_INFORMATION_FORMAT = "dwarf-with-dsym";
				ENABLE_NS_ASSERTIONS = NO;
				ENABLE_STRICT_OBJC_MSGSEND = YES;
				GCC_C_LANGUAGE_STANDARD = gnu11;
				GCC_NO_COMMON_BLOCKS = YES;
				GCC_WARN_64_TO_32_BIT_CONVERSION = YES;
				GCC_WARN_ABOUT_RETURN_TYPE = YES_ERROR;
				GCC_WARN_UNDECLARED_SELECTOR = YES;
				GCC_WARN_UNINITIALIZED_AUTOS = YES_AGGRESSIVE;
				GCC_WARN_UNUSED_FUNCTION = YES;
				GCC_WARN_UNUSED_VARIABLE = YES;
				IPHONEOS_DEPLOYMENT_TARGET = 11.2;
				MTL_ENABLE_DEBUG_INFO = NO;
				SDKROOT = iphoneos;
				SWIFT_OPTIMIZATION_LEVEL = "-Owholemodule";
				VALIDATE_PRODUCT = YES;
			};
			name = Release;
		};
		CA3D1088206F65500057D9C4 /* Debug */ = {
			isa = XCBuildConfiguration;
			buildSettings = {
				ASSETCATALOG_COMPILER_APPICON_NAME = AppIcon;
				CODE_SIGN_STYLE = Automatic;
				DEVELOPMENT_TEAM = BV8VP6YGE9;
				INFOPLIST_FILE = WordList/Info.plist;
				LD_RUNPATH_SEARCH_PATHS = "$(inherited) @executable_path/Frameworks";
				PRODUCT_BUNDLE_IDENTIFIER = jp.sho.WordList;
				PRODUCT_NAME = "$(TARGET_NAME)";
				SWIFT_VERSION = 4.0;
				TARGETED_DEVICE_FAMILY = "1,2";
			};
			name = Debug;
		};
		CA3D1089206F65500057D9C4 /* Release */ = {
			isa = XCBuildConfiguration;
			buildSettings = {
				ASSETCATALOG_COMPILER_APPICON_NAME = AppIcon;
				CODE_SIGN_STYLE = Automatic;
				DEVELOPMENT_TEAM = BV8VP6YGE9;
				INFOPLIST_FILE = WordList/Info.plist;
				LD_RUNPATH_SEARCH_PATHS = "$(inherited) @executable_path/Frameworks";
				PRODUCT_BUNDLE_IDENTIFIER = jp.sho.WordList;
				PRODUCT_NAME = "$(TARGET_NAME)";
				SWIFT_VERSION = 4.0;
				TARGETED_DEVICE_FAMILY = "1,2";
			};
			name = Release;
		};
		CA3D108B206F65500057D9C4 /* Debug */ = {
			isa = XCBuildConfiguration;
			buildSettings = {
				ALWAYS_EMBED_SWIFT_STANDARD_LIBRARIES = YES;
				BUNDLE_LOADER = "$(TEST_HOST)";
				CODE_SIGN_STYLE = Automatic;
				DEVELOPMENT_TEAM = BV8VP6YGE9;
				INFOPLIST_FILE = WordListTests/Info.plist;
				LD_RUNPATH_SEARCH_PATHS = "$(inherited) @executable_path/Frameworks @loader_path/Frameworks";
				PRODUCT_BUNDLE_IDENTIFIER = jp.sho.WordListTests;
				PRODUCT_NAME = "$(TARGET_NAME)";
				SWIFT_VERSION = 4.0;
				TARGETED_DEVICE_FAMILY = "1,2";
				TEST_HOST = "$(BUILT_PRODUCTS_DIR)/WordList.app/WordList";
			};
			name = Debug;
		};
		CA3D108C206F65500057D9C4 /* Release */ = {
			isa = XCBuildConfiguration;
			buildSettings = {
				ALWAYS_EMBED_SWIFT_STANDARD_LIBRARIES = YES;
				BUNDLE_LOADER = "$(TEST_HOST)";
				CODE_SIGN_STYLE = Automatic;
				DEVELOPMENT_TEAM = BV8VP6YGE9;
				INFOPLIST_FILE = WordListTests/Info.plist;
				LD_RUNPATH_SEARCH_PATHS = "$(inherited) @executable_path/Frameworks @loader_path/Frameworks";
				PRODUCT_BUNDLE_IDENTIFIER = jp.sho.WordListTests;
				PRODUCT_NAME = "$(TARGET_NAME)";
				SWIFT_VERSION = 4.0;
				TARGETED_DEVICE_FAMILY = "1,2";
				TEST_HOST = "$(BUILT_PRODUCTS_DIR)/WordList.app/WordList";
			};
			name = Release;
		};
		CA3D108E206F65500057D9C4 /* Debug */ = {
			isa = XCBuildConfiguration;
			buildSettings = {
				ALWAYS_EMBED_SWIFT_STANDARD_LIBRARIES = YES;
				CODE_SIGN_STYLE = Automatic;
				DEVELOPMENT_TEAM = BV8VP6YGE9;
				INFOPLIST_FILE = WordListUITests/Info.plist;
				LD_RUNPATH_SEARCH_PATHS = "$(inherited) @executable_path/Frameworks @loader_path/Frameworks";
				PRODUCT_BUNDLE_IDENTIFIER = jp.sho.WordListUITests;
				PRODUCT_NAME = "$(TARGET_NAME)";
				SWIFT_VERSION = 4.0;
				TARGETED_DEVICE_FAMILY = "1,2";
				TEST_TARGET_NAME = WordList;
			};
			name = Debug;
		};
		CA3D108F206F65500057D9C4 /* Release */ = {
			isa = XCBuildConfiguration;
			buildSettings = {
				ALWAYS_EMBED_SWIFT_STANDARD_LIBRARIES = YES;
				CODE_SIGN_STYLE = Automatic;
				DEVELOPMENT_TEAM = BV8VP6YGE9;
				INFOPLIST_FILE = WordListUITests/Info.plist;
				LD_RUNPATH_SEARCH_PATHS = "$(inherited) @executable_path/Frameworks @loader_path/Frameworks";
				PRODUCT_BUNDLE_IDENTIFIER = jp.sho.WordListUITests;
				PRODUCT_NAME = "$(TARGET_NAME)";
				SWIFT_VERSION = 4.0;
				TARGETED_DEVICE_FAMILY = "1,2";
				TEST_TARGET_NAME = WordList;
			};
			name = Release;
		};
/* End XCBuildConfiguration section */

/* Begin XCConfigurationList section */
		CA3D105A206F654F0057D9C4 /* Build configuration list for PBXProject "WordList" */ = {
			isa = XCConfigurationList;
			buildConfigurations = (
				CA3D1085206F65500057D9C4 /* Debug */,
				CA3D1086206F65500057D9C4 /* Release */,
			);
			defaultConfigurationIsVisible = 0;
			defaultConfigurationName = Release;
		};
		CA3D1087206F65500057D9C4 /* Build configuration list for PBXNativeTarget "WordList" */ = {
			isa = XCConfigurationList;
			buildConfigurations = (
				CA3D1088206F65500057D9C4 /* Debug */,
				CA3D1089206F65500057D9C4 /* Release */,
			);
			defaultConfigurationIsVisible = 0;
			defaultConfigurationName = Release;
		};
		CA3D108A206F65500057D9C4 /* Build configuration list for PBXNativeTarget "WordListTests" */ = {
			isa = XCConfigurationList;
			buildConfigurations = (
				CA3D108B206F65500057D9C4 /* Debug */,
				CA3D108C206F65500057D9C4 /* Release */,
			);
			defaultConfigurationIsVisible = 0;
			defaultConfigurationName = Release;
		};
		CA3D108D206F65500057D9C4 /* Build configuration list for PBXNativeTarget "WordListUITests" */ = {
			isa = XCConfigurationList;
			buildConfigurations = (
				CA3D108E206F65500057D9C4 /* Debug */,
				CA3D108F206F65500057D9C4 /* Release */,
			);
			defaultConfigurationIsVisible = 0;
			defaultConfigurationName = Release;
		};
/* End XCConfigurationList section */
	};
	rootObject = CA3D1057206F654F0057D9C4 /* Project object */;
}
